
Microsoft Visual Studio Solution File, Format Version 11.00
# Visual Studio 2010
Project("{FAE04EC0-301F-11D3-BF4B-00C04F79EFBC}") = "FastFood.Dal", "FastFood.Dal\FastFood.Dal.csproj", "{3ED9D64C-A5E7-4956-9AA8-0430020FEA16}"
EndProject
Project("{FAE04EC0-301F-11D3-BF4B-00C04F79EFBC}") = "FastFood.Core", "FastFood.Core\FastFood.Core.csproj", "{D46BE7B4-74B0-4DC1-B2AD-A32291B8AA35}"
EndProject
Project("{FAE04EC0-301F-11D3-BF4B-00C04F79EFBC}") = "FastFood.Front", "FastFood.Front\FastFood.Front.csproj", "{73C3AD5F-EECE-4B50-A850-49D8D2FE9499}"
	ProjectSection(ProjectDependencies) = postProject
		{3ED9D64C-A5E7-4956-9AA8-0430020FEA16} = {3ED9D64C-A5E7-4956-9AA8-0430020FEA16}
		{D46BE7B4-74B0-4DC1-B2AD-A32291B8AA35} = {D46BE7B4-74B0-4DC1-B2AD-A32291B8AA35}
	EndProjectSection
EndProject
Project("{FAE04EC0-301F-11D3-BF4B-00C04F79EFBC}") = "FoodExpress.Phone", "FoodExpress.Phone\FoodExpress.Phone.csproj", "{6E2C19F1-8365-4413-8214-DD1B2BF822E7}"
	ProjectSection(ProjectDependencies) = postProject
		{B2395A42-C02F-4D9D-8DB5-0896AFF4900D} = {B2395A42-C02F-4D9D-8DB5-0896AFF4900D}
	EndProjectSection
EndProject
Project("{FAE04EC0-301F-11D3-BF4B-00C04F79EFBC}") = "FastFood.Services", "FastFood.Services\FastFood.Services.csproj", "{B2395A42-C02F-4D9D-8DB5-0896AFF4900D}"
EndProject
Project("{CC5FD16D-436D-48AD-A40C-5A424C6E3E79}") = "FastFood.Cloud", "FastFood.Cloud\FastFood.Cloud.ccproj", "{46D8CC77-5E1C-4FDE-A433-739F84FBDEC5}"
EndProject
Global
	GlobalSection(SolutionConfigurationPlatforms) = preSolution
		Cloud|Any CPU = Cloud|Any CPU
		Cloud|Mixed Platforms = Cloud|Mixed Platforms
		Cloud|x86 = Cloud|x86
		Debug|Any CPU = Debug|Any CPU
		Debug|Mixed Platforms = Debug|Mixed Platforms
		Debug|x86 = Debug|x86
		Local|Any CPU = Local|Any CPU
		Local|Mixed Platforms = Local|Mixed Platforms
		Local|x86 = Local|x86
		Release|Any CPU = Release|Any CPU
		Release|Mixed Platforms = Release|Mixed Platforms
		Release|x86 = Release|x86
	EndGlobalSection
	GlobalSection(ProjectConfigurationPlatforms) = postSolution
		{3ED9D64C-A5E7-4956-9AA8-0430020FEA16}.Cloud|Any CPU.ActiveCfg = Debug|Any CPU
		{3ED9D64C-A5E7-4956-9AA8-0430020FEA16}.Cloud|Any CPU.Build.0 = Debug|Any CPU
		{3ED9D64C-A5E7-4956-9AA8-0430020FEA16}.Cloud|Mixed Platforms.ActiveCfg = Cloud|Any CPU
		{3ED9D64C-A5E7-4956-9AA8-0430020FEA16}.Cloud|Mixed Platforms.Build.0 = Cloud|Any CPU
		{3ED9D64C-A5E7-4956-9AA8-0430020FEA16}.Cloud|x86.ActiveCfg = Cloud|x86
		{3ED9D64C-A5E7-4956-9AA8-0430020FEA16}.Cloud|x86.Build.0 = Cloud|x86
		{3ED9D64C-A5E7-4956-9AA8-0430020FEA16}.Debug|Any CPU.ActiveCfg = Debug|Any CPU
		{3ED9D64C-A5E7-4956-9AA8-0430020FEA16}.Debug|Any CPU.Build.0 = Debug|Any CPU
		{3ED9D64C-A5E7-4956-9AA8-0430020FEA16}.Debug|Mixed Platforms.ActiveCfg = Debug|x86
		{3ED9D64C-A5E7-4956-9AA8-0430020FEA16}.Debug|Mixed Platforms.Build.0 = Debug|x86
		{3ED9D64C-A5E7-4956-9AA8-0430020FEA16}.Debug|x86.ActiveCfg = Debug|x86
		{3ED9D64C-A5E7-4956-9AA8-0430020FEA16}.Debug|x86.Build.0 = Debug|x86
		{3ED9D64C-A5E7-4956-9AA8-0430020FEA16}.Local|Any CPU.ActiveCfg = Debug|Any CPU
		{3ED9D64C-A5E7-4956-9AA8-0430020FEA16}.Local|Any CPU.Build.0 = Debug|Any CPU
		{3ED9D64C-A5E7-4956-9AA8-0430020FEA16}.Local|Mixed Platforms.ActiveCfg = Release|Any CPU
		{3ED9D64C-A5E7-4956-9AA8-0430020FEA16}.Local|Mixed Platforms.Build.0 = Release|Any CPU
		{3ED9D64C-A5E7-4956-9AA8-0430020FEA16}.Local|x86.ActiveCfg = Release|Any CPU
		{3ED9D64C-A5E7-4956-9AA8-0430020FEA16}.Release|Any CPU.ActiveCfg = Release|x86
		{3ED9D64C-A5E7-4956-9AA8-0430020FEA16}.Release|Mixed Platforms.ActiveCfg = Release|x86
		{3ED9D64C-A5E7-4956-9AA8-0430020FEA16}.Release|Mixed Platforms.Build.0 = Release|x86
		{3ED9D64C-A5E7-4956-9AA8-0430020FEA16}.Release|x86.ActiveCfg = Release|x86
		{3ED9D64C-A5E7-4956-9AA8-0430020FEA16}.Release|x86.Build.0 = Release|x86
		{D46BE7B4-74B0-4DC1-B2AD-A32291B8AA35}.Cloud|Any CPU.ActiveCfg = Debug|Any CPU
		{D46BE7B4-74B0-4DC1-B2AD-A32291B8AA35}.Cloud|Any CPU.Build.0 = Debug|Any CPU
		{D46BE7B4-74B0-4DC1-B2AD-A32291B8AA35}.Cloud|Mixed Platforms.ActiveCfg = Cloud|Any CPU
		{D46BE7B4-74B0-4DC1-B2AD-A32291B8AA35}.Cloud|Mixed Platforms.Build.0 = Cloud|Any CPU
		{D46BE7B4-74B0-4DC1-B2AD-A32291B8AA35}.Cloud|x86.ActiveCfg = Cloud|x86
		{D46BE7B4-74B0-4DC1-B2AD-A32291B8AA35}.Cloud|x86.Build.0 = Cloud|x86
		{D46BE7B4-74B0-4DC1-B2AD-A32291B8AA35}.Debug|Any CPU.ActiveCfg = Debug|Any CPU
		{D46BE7B4-74B0-4DC1-B2AD-A32291B8AA35}.Debug|Any CPU.Build.0 = Debug|Any CPU
		{D46BE7B4-74B0-4DC1-B2AD-A32291B8AA35}.Debug|Mixed Platforms.ActiveCfg = Debug|x86
		{D46BE7B4-74B0-4DC1-B2AD-A32291B8AA35}.Debug|Mixed Platforms.Build.0 = Debug|x86
		{D46BE7B4-74B0-4DC1-B2AD-A32291B8AA35}.Debug|x86.ActiveCfg = Debug|x86
		{D46BE7B4-74B0-4DC1-B2AD-A32291B8AA35}.Debug|x86.Build.0 = Debug|x86
		{D46BE7B4-74B0-4DC1-B2AD-A32291B8AA35}.Local|Any CPU.ActiveCfg = Debug|Any CPU
		{D46BE7B4-74B0-4DC1-B2AD-A32291B8AA35}.Local|Any CPU.Build.0 = Debug|Any CPU
		{D46BE7B4-74B0-4DC1-B2AD-A32291B8AA35}.Local|Mixed Platforms.ActiveCfg = Release|Any CPU
		{D46BE7B4-74B0-4DC1-B2AD-A32291B8AA35}.Local|Mixed Platforms.Build.0 = Release|Any CPU
		{D46BE7B4-74B0-4DC1-B2AD-A32291B8AA35}.Local|x86.ActiveCfg = Release|Any CPU
		{D46BE7B4-74B0-4DC1-B2AD-A32291B8AA35}.Release|Any CPU.ActiveCfg = Release|x86
		{D46BE7B4-74B0-4DC1-B2AD-A32291B8AA35}.Release|Mixed Platforms.ActiveCfg = Release|x86
		{D46BE7B4-74B0-4DC1-B2AD-A32291B8AA35}.Release|Mixed Platforms.Build.0 = Release|x86
		{D46BE7B4-74B0-4DC1-B2AD-A32291B8AA35}.Release|x86.ActiveCfg = Release|x86
		{D46BE7B4-74B0-4DC1-B2AD-A32291B8AA35}.Release|x86.Build.0 = Release|x86
		{73C3AD5F-EECE-4B50-A850-49D8D2FE9499}.Cloud|Any CPU.ActiveCfg = Cloud|Any CPU
		{73C3AD5F-EECE-4B50-A850-49D8D2FE9499}.Cloud|Any CPU.Build.0 = Cloud|Any CPU
		{73C3AD5F-EECE-4B50-A850-49D8D2FE9499}.Cloud|Mixed Platforms.ActiveCfg = Cloud|Any CPU
		{73C3AD5F-EECE-4B50-A850-49D8D2FE9499}.Cloud|Mixed Platforms.Build.0 = Cloud|Any CPU
		{73C3AD5F-EECE-4B50-A850-49D8D2FE9499}.Cloud|x86.ActiveCfg = Cloud|Any CPU
		{73C3AD5F-EECE-4B50-A850-49D8D2FE9499}.Debug|Any CPU.ActiveCfg = Debug|Any CPU
		{73C3AD5F-EECE-4B50-A850-49D8D2FE9499}.Debug|Any CPU.Build.0 = Debug|Any CPU
		{73C3AD5F-EECE-4B50-A850-49D8D2FE9499}.Debug|Mixed Platforms.ActiveCfg = Debug|Any CPU
		{73C3AD5F-EECE-4B50-A850-49D8D2FE9499}.Debug|Mixed Platforms.Build.0 = Debug|Any CPU
		{73C3AD5F-EECE-4B50-A850-49D8D2FE9499}.Debug|x86.ActiveCfg = Debug|Any CPU
		{73C3AD5F-EECE-4B50-A850-49D8D2FE9499}.Local|Any CPU.ActiveCfg = Local|Any CPU
		{73C3AD5F-EECE-4B50-A850-49D8D2FE9499}.Local|Any CPU.Build.0 = Local|Any CPU
		{73C3AD5F-EECE-4B50-A850-49D8D2FE9499}.Local|Mixed Platforms.ActiveCfg = Local|Any CPU
		{73C3AD5F-EECE-4B50-A850-49D8D2FE9499}.Local|Mixed Platforms.Build.0 = Local|Any CPU
		{73C3AD5F-EECE-4B50-A850-49D8D2FE9499}.Local|x86.ActiveCfg = Local|Any CPU
		{73C3AD5F-EECE-4B50-A850-49D8D2FE9499}.Release|Any CPU.ActiveCfg = Release|Any CPU
		{73C3AD5F-EECE-4B50-A850-49D8D2FE9499}.Release|Any CPU.Build.0 = Release|Any CPU
		{73C3AD5F-EECE-4B50-A850-49D8D2FE9499}.Release|Mixed Platforms.ActiveCfg = Release|Any CPU
		{73C3AD5F-EECE-4B50-A850-49D8D2FE9499}.Release|Mixed Platforms.Build.0 = Release|Any CPU
		{73C3AD5F-EECE-4B50-A850-49D8D2FE9499}.Release|x86.ActiveCfg = Release|Any CPU
		{6E2C19F1-8365-4413-8214-DD1B2BF822E7}.Cloud|Any CPU.ActiveCfg = Debug|Any CPU
		{6E2C19F1-8365-4413-8214-DD1B2BF822E7}.Cloud|Any CPU.Build.0 = Debug|Any CPU
		{6E2C19F1-8365-4413-8214-DD1B2BF822E7}.Cloud|Any CPU.Deploy.0 = Debug|Any CPU
		{6E2C19F1-8365-4413-8214-DD1B2BF822E7}.Cloud|Mixed Platforms.ActiveCfg = Cloud|Any CPU
		{6E2C19F1-8365-4413-8214-DD1B2BF822E7}.Cloud|Mixed Platforms.Build.0 = Cloud|Any CPU
		{6E2C19F1-8365-4413-8214-DD1B2BF822E7}.Cloud|Mixed Platforms.Deploy.0 = Cloud|Any CPU
		{6E2C19F1-8365-4413-8214-DD1B2BF822E7}.Cloud|x86.ActiveCfg = Cloud|Any CPU
		{6E2C19F1-8365-4413-8214-DD1B2BF822E7}.Debug|Any CPU.ActiveCfg = Debug|Any CPU
		{6E2C19F1-8365-4413-8214-DD1B2BF822E7}.Debug|Any CPU.Build.0 = Debug|Any CPU
		{6E2C19F1-8365-4413-8214-DD1B2BF822E7}.Debug|Mixed Platforms.ActiveCfg = Debug|Any CPU
		{6E2C19F1-8365-4413-8214-DD1B2BF822E7}.Debug|Mixed Platforms.Build.0 = Debug|Any CPU
		{6E2C19F1-8365-4413-8214-DD1B2BF822E7}.Debug|x86.ActiveCfg = Debug|Any CPU
		{6E2C19F1-8365-4413-8214-DD1B2BF822E7}.Local|Any CPU.ActiveCfg = Debug|Any CPU
		{6E2C19F1-8365-4413-8214-DD1B2BF822E7}.Local|Any CPU.Build.0 = Debug|Any CPU
		{6E2C19F1-8365-4413-8214-DD1B2BF822E7}.Local|Any CPU.Deploy.0 = Debug|Any CPU
		{6E2C19F1-8365-4413-8214-DD1B2BF822E7}.Local|Mixed Platforms.ActiveCfg = Release|Any CPU
		{6E2C19F1-8365-4413-8214-DD1B2BF822E7}.Local|Mixed Platforms.Build.0 = Release|Any CPU
		{6E2C19F1-8365-4413-8214-DD1B2BF822E7}.Local|Mixed Platforms.Deploy.0 = Release|Any CPU
		{6E2C19F1-8365-4413-8214-DD1B2BF822E7}.Local|x86.ActiveCfg = Release|Any CPU
		{6E2C19F1-8365-4413-8214-DD1B2BF822E7}.Release|Any CPU.ActiveCfg = Release|Any CPU
		{6E2C19F1-8365-4413-8214-DD1B2BF822E7}.Release|Any CPU.Build.0 = Release|Any CPU
		{6E2C19F1-8365-4413-8214-DD1B2BF822E7}.Release|Any CPU.Deploy.0 = Release|Any CPU
		{6E2C19F1-8365-4413-8214-DD1B2BF822E7}.Release|Mixed Platforms.ActiveCfg = Release|Any CPU
		{6E2C19F1-8365-4413-8214-DD1B2BF822E7}.Release|Mixed Platforms.Build.0 = Release|Any CPU
		{6E2C19F1-8365-4413-8214-DD1B2BF822E7}.Release|Mixed Platforms.Deploy.0 = Release|Any CPU
		{6E2C19F1-8365-4413-8214-DD1B2BF822E7}.Release|x86.ActiveCfg = Release|Any CPU
		{B2395A42-C02F-4D9D-8DB5-0896AFF4900D}.Cloud|Any CPU.ActiveCfg = Cloud|Any CPU
		{B2395A42-C02F-4D9D-8DB5-0896AFF4900D}.Cloud|Any CPU.Build.0 = Cloud|Any CPU
		{B2395A42-C02F-4D9D-8DB5-0896AFF4900D}.Cloud|Mixed Platforms.ActiveCfg = Cloud|Any CPU
		{B2395A42-C02F-4D9D-8DB5-0896AFF4900D}.Cloud|Mixed Platforms.Build.0 = Cloud|Any CPU
		{B2395A42-C02F-4D9D-8DB5-0896AFF4900D}.Cloud|x86.ActiveCfg = Cloud|Any CPU
		{B2395A42-C02F-4D9D-8DB5-0896AFF4900D}.Debug|Any CPU.ActiveCfg = Debug|Any CPU
		{B2395A42-C02F-4D9D-8DB5-0896AFF4900D}.Debug|Any CPU.Build.0 = Debug|Any CPU
		{B2395A42-C02F-4D9D-8DB5-0896AFF4900D}.Debug|Mixed Platforms.ActiveCfg = Debug|Any CPU
		{B2395A42-C02F-4D9D-8DB5-0896AFF4900D}.Debug|Mixed Platforms.Build.0 = Debug|Any CPU
		{B2395A42-C02F-4D9D-8DB5-0896AFF4900D}.Debug|x86.ActiveCfg = Debug|Any CPU
		{B2395A42-C02F-4D9D-8DB5-0896AFF4900D}.Local|Any CPU.ActiveCfg = Local|Any CPU
		{B2395A42-C02F-4D9D-8DB5-0896AFF4900D}.Local|Any CPU.Build.0 = Local|Any CPU
		{B2395A42-C02F-4D9D-8DB5-0896AFF4900D}.Local|Mixed Platforms.ActiveCfg = Local|Any CPU
		{B2395A42-C02F-4D9D-8DB5-0896AFF4900D}.Local|Mixed Platforms.Build.0 = Local|Any CPU
		{B2395A42-C02F-4D9D-8DB5-0896AFF4900D}.Local|x86.ActiveCfg = Local|Any CPU
		{B2395A42-C02F-4D9D-8DB5-0896AFF4900D}.Release|Any CPU.ActiveCfg = Release|Any CPU
		{B2395A42-C02F-4D9D-8DB5-0896AFF4900D}.Release|Any CPU.Build.0 = Release|Any CPU
		{B2395A42-C02F-4D9D-8DB5-0896AFF4900D}.Release|Mixed Platforms.ActiveCfg = Release|Any CPU
		{B2395A42-C02F-4D9D-8DB5-0896AFF4900D}.Release|Mixed Platforms.Build.0 = Release|Any CPU
		{B2395A42-C02F-4D9D-8DB5-0896AFF4900D}.Release|x86.ActiveCfg = Release|Any CPU
		{46D8CC77-5E1C-4FDE-A433-739F84FBDEC5}.Cloud|Any CPU.ActiveCfg = Cloud|Any CPU
		{46D8CC77-5E1C-4FDE-A433-739F84FBDEC5}.Cloud|Any CPU.Build.0 = Cloud|Any CPU
		{46D8CC77-5E1C-4FDE-A433-739F84FBDEC5}.Cloud|Mixed Platforms.ActiveCfg = Cloud|Any CPU
		{46D8CC77-5E1C-4FDE-A433-739F84FBDEC5}.Cloud|Mixed Platforms.Build.0 = Cloud|Any CPU
		{46D8CC77-5E1C-4FDE-A433-739F84FBDEC5}.Cloud|x86.ActiveCfg = Cloud|Any CPU
		{46D8CC77-5E1C-4FDE-A433-739F84FBDEC5}.Debug|Any CPU.ActiveCfg = Debug|Any CPU
		{46D8CC77-5E1C-4FDE-A433-739F84FBDEC5}.Debug|Any CPU.Build.0 = Debug|Any CPU
		{46D8CC77-5E1C-4FDE-A433-739F84FBDEC5}.Debug|Mixed Platforms.ActiveCfg = Debug|Any CPU
		{46D8CC77-5E1C-4FDE-A433-739F84FBDEC5}.Debug|Mixed Platforms.Build.0 = Debug|Any CPU
		{46D8CC77-5E1C-4FDE-A433-739F84FBDEC5}.Debug|x86.ActiveCfg = Debug|Any CPU
		{46D8CC77-5E1C-4FDE-A433-739F84FBDEC5}.Local|Any CPU.ActiveCfg = Debug|Any CPU
		{46D8CC77-5E1C-4FDE-A433-739F84FBDEC5}.Local|Any CPU.Build.0 = Debug|Any CPU
		{46D8CC77-5E1C-4FDE-A433-739F84FBDEC5}.Local|Mixed Platforms.ActiveCfg = Release|Any CPU
		{46D8CC77-5E1C-4FDE-A433-739F84FBDEC5}.Local|Mixed Platforms.Build.0 = Release|Any CPU
		{46D8CC77-5E1C-4FDE-A433-739F84FBDEC5}.Local|x86.ActiveCfg = Release|Any CPU
		{46D8CC77-5E1C-4FDE-A433-739F84FBDEC5}.Release|Any CPU.ActiveCfg = Release|Any CPU
		{46D8CC77-5E1C-4FDE-A433-739F84FBDEC5}.Release|Any CPU.Build.0 = Release|Any CPU
		{46D8CC77-5E1C-4FDE-A433-739F84FBDEC5}.Release|Mixed Platforms.ActiveCfg = Release|Any CPU
		{46D8CC77-5E1C-4FDE-A433-739F84FBDEC5}.Release|Mixed Platforms.Build.0 = Release|Any CPU
		{46D8CC77-5E1C-4FDE-A433-739F84FBDEC5}.Release|x86.ActiveCfg = Release|Any CPU
	EndGlobalSection
	GlobalSection(SolutionProperties) = preSolution
		HideSolutionNode = FALSE
	EndGlobalSection
	GlobalSection(ExtensibilityGlobals) = postSolution
		VisualSVNWorkingCopyRoot = .
	EndGlobalSection
EndGlobal
